{
  "lockfileVersion": 1,
  "workspaces": {
    "": {
      "name": "image-optimizer",
      "devDependencies": {
        "@types/bun": "latest",
      },
      "peerDependencies": {
        "typescript": "^5",
      },
    },
    "apps/api": {
      "name": "api",
      "dependencies": {
        "@elysiajs/cors": "^1.2.0",
        "@elysiajs/static": "^1.2.0",
        "@elysiajs/swagger": "^1.2.2",
        "elysia": "^1.2.25",
        "heic-to": "^1.1.10",
        "nanoid": "^5.1.5",
        "sharp": "^0.33.5",
      },
      "devDependencies": {
        "@types/bun": "latest",
      },
      "peerDependencies": {
        "typescript": "^5",
      },
    },
  },
  "packages": {
    "@elysiajs/cors": ["@elysiajs/cors@1.2.0", "", { "peerDependencies": { "elysia": ">= 1.2.0" } }, "sha512-qsJwDAg6WfdQRMfj6uSMcDPSpXvm/zQFeAX1uuJXhIgazH8itSfcDxcH9pMuXVRX1yQNi2pPwNQLJmAcw5mzvw=="],

    "@elysiajs/static": ["@elysiajs/static@1.2.0", "", { "dependencies": { "node-cache": "^5.1.2" }, "peerDependencies": { "elysia": ">= 1.2.0" } }, "sha512-oLpAi8c+maPpA0XhhK3BELaIjIG+nXg/K9p8cFfW4q5ayRD59a3MOMOOGgpiXZkHJzLPWcouhhyyLAYtaANW4g=="],

    "@elysiajs/swagger": ["@elysiajs/swagger@1.2.2", "", { "dependencies": { "@scalar/themes": "^0.9.52", "@scalar/types": "^0.0.12", "openapi-types": "^12.1.3", "pathe": "^1.1.2" }, "peerDependencies": { "elysia": ">= 1.2.0" } }, "sha512-DG0PbX/wzQNQ6kIpFFPCvmkkWTIbNWDS7lVLv3Puy6ONklF14B4NnbDfpYjX1hdSYKeCqKBBOuenh6jKm8tbYA=="],

    "@emnapi/runtime": ["@emnapi/runtime@1.3.1", "", { "dependencies": { "tslib": "^2.4.0" } }, "sha512-kEBmG8KyqtxJZv+ygbEim+KCGtIq1fC22Ms3S4ziXmYKm8uyoLX0MHONVKwp+9opg390VaKRNt4a7A9NwmpNhw=="],

    "@img/sharp-darwin-arm64": ["@img/sharp-darwin-arm64@0.33.5", "", { "optionalDependencies": { "@img/sharp-libvips-darwin-arm64": "1.0.4" }, "os": "darwin", "cpu": "arm64" }, "sha512-UT4p+iz/2H4twwAoLCqfA9UH5pI6DggwKEGuaPy7nCVQ8ZsiY5PIcrRvD1DzuY3qYL07NtIQcWnBSY/heikIFQ=="],

    "@img/sharp-darwin-x64": ["@img/sharp-darwin-x64@0.33.5", "", { "optionalDependencies": { "@img/sharp-libvips-darwin-x64": "1.0.4" }, "os": "darwin", "cpu": "x64" }, "sha512-fyHac4jIc1ANYGRDxtiqelIbdWkIuQaI84Mv45KvGRRxSAa7o7d1ZKAOBaYbnepLC1WqxfpimdeWfvqqSGwR2Q=="],

    "@img/sharp-libvips-darwin-arm64": ["@img/sharp-libvips-darwin-arm64@1.0.4", "", { "os": "darwin", "cpu": "arm64" }, "sha512-XblONe153h0O2zuFfTAbQYAX2JhYmDHeWikp1LM9Hul9gVPjFY427k6dFEcOL72O01QxQsWi761svJ/ev9xEDg=="],

    "@img/sharp-libvips-darwin-x64": ["@img/sharp-libvips-darwin-x64@1.0.4", "", { "os": "darwin", "cpu": "x64" }, "sha512-xnGR8YuZYfJGmWPvmlunFaWJsb9T/AO2ykoP3Fz/0X5XV2aoYBPkX6xqCQvUTKKiLddarLaxpzNe+b1hjeWHAQ=="],

    "@img/sharp-libvips-linux-arm": ["@img/sharp-libvips-linux-arm@1.0.5", "", { "os": "linux", "cpu": "arm" }, "sha512-gvcC4ACAOPRNATg/ov8/MnbxFDJqf/pDePbBnuBDcjsI8PssmjoKMAz4LtLaVi+OnSb5FK/yIOamqDwGmXW32g=="],

    "@img/sharp-libvips-linux-arm64": ["@img/sharp-libvips-linux-arm64@1.0.4", "", { "os": "linux", "cpu": "arm64" }, "sha512-9B+taZ8DlyyqzZQnoeIvDVR/2F4EbMepXMc/NdVbkzsJbzkUjhXv/70GQJ7tdLA4YJgNP25zukcxpX2/SueNrA=="],

    "@img/sharp-libvips-linux-s390x": ["@img/sharp-libvips-linux-s390x@1.0.4", "", { "os": "linux", "cpu": "s390x" }, "sha512-u7Wz6ntiSSgGSGcjZ55im6uvTrOxSIS8/dgoVMoiGE9I6JAfU50yH5BoDlYA1tcuGS7g/QNtetJnxA6QEsCVTA=="],

    "@img/sharp-libvips-linux-x64": ["@img/sharp-libvips-linux-x64@1.0.4", "", { "os": "linux", "cpu": "x64" }, "sha512-MmWmQ3iPFZr0Iev+BAgVMb3ZyC4KeFc3jFxnNbEPas60e1cIfevbtuyf9nDGIzOaW9PdnDciJm+wFFaTlj5xYw=="],

    "@img/sharp-libvips-linuxmusl-arm64": ["@img/sharp-libvips-linuxmusl-arm64@1.0.4", "", { "os": "linux", "cpu": "arm64" }, "sha512-9Ti+BbTYDcsbp4wfYib8Ctm1ilkugkA/uscUn6UXK1ldpC1JjiXbLfFZtRlBhjPZ5o1NCLiDbg8fhUPKStHoTA=="],

    "@img/sharp-libvips-linuxmusl-x64": ["@img/sharp-libvips-linuxmusl-x64@1.0.4", "", { "os": "linux", "cpu": "x64" }, "sha512-viYN1KX9m+/hGkJtvYYp+CCLgnJXwiQB39damAO7WMdKWlIhmYTfHjwSbQeUK/20vY154mwezd9HflVFM1wVSw=="],

    "@img/sharp-linux-arm": ["@img/sharp-linux-arm@0.33.5", "", { "optionalDependencies": { "@img/sharp-libvips-linux-arm": "1.0.5" }, "os": "linux", "cpu": "arm" }, "sha512-JTS1eldqZbJxjvKaAkxhZmBqPRGmxgu+qFKSInv8moZ2AmT5Yib3EQ1c6gp493HvrvV8QgdOXdyaIBrhvFhBMQ=="],

    "@img/sharp-linux-arm64": ["@img/sharp-linux-arm64@0.33.5", "", { "optionalDependencies": { "@img/sharp-libvips-linux-arm64": "1.0.4" }, "os": "linux", "cpu": "arm64" }, "sha512-JMVv+AMRyGOHtO1RFBiJy/MBsgz0x4AWrT6QoEVVTyh1E39TrCUpTRI7mx9VksGX4awWASxqCYLCV4wBZHAYxA=="],

    "@img/sharp-linux-s390x": ["@img/sharp-linux-s390x@0.33.5", "", { "optionalDependencies": { "@img/sharp-libvips-linux-s390x": "1.0.4" }, "os": "linux", "cpu": "s390x" }, "sha512-y/5PCd+mP4CA/sPDKl2961b+C9d+vPAveS33s6Z3zfASk2j5upL6fXVPZi7ztePZ5CuH+1kW8JtvxgbuXHRa4Q=="],

    "@img/sharp-linux-x64": ["@img/sharp-linux-x64@0.33.5", "", { "optionalDependencies": { "@img/sharp-libvips-linux-x64": "1.0.4" }, "os": "linux", "cpu": "x64" }, "sha512-opC+Ok5pRNAzuvq1AG0ar+1owsu842/Ab+4qvU879ippJBHvyY5n2mxF1izXqkPYlGuP/M556uh53jRLJmzTWA=="],

    "@img/sharp-linuxmusl-arm64": ["@img/sharp-linuxmusl-arm64@0.33.5", "", { "optionalDependencies": { "@img/sharp-libvips-linuxmusl-arm64": "1.0.4" }, "os": "linux", "cpu": "arm64" }, "sha512-XrHMZwGQGvJg2V/oRSUfSAfjfPxO+4DkiRh6p2AFjLQztWUuY/o8Mq0eMQVIY7HJ1CDQUJlxGGZRw1a5bqmd1g=="],

    "@img/sharp-linuxmusl-x64": ["@img/sharp-linuxmusl-x64@0.33.5", "", { "optionalDependencies": { "@img/sharp-libvips-linuxmusl-x64": "1.0.4" }, "os": "linux", "cpu": "x64" }, "sha512-WT+d/cgqKkkKySYmqoZ8y3pxx7lx9vVejxW/W4DOFMYVSkErR+w7mf2u8m/y4+xHe7yY9DAXQMWQhpnMuFfScw=="],

    "@img/sharp-wasm32": ["@img/sharp-wasm32@0.33.5", "", { "dependencies": { "@emnapi/runtime": "^1.2.0" }, "cpu": "none" }, "sha512-ykUW4LVGaMcU9lu9thv85CbRMAwfeadCJHRsg2GmeRa/cJxsVY9Rbd57JcMxBkKHag5U/x7TSBpScF4U8ElVzg=="],

    "@img/sharp-win32-ia32": ["@img/sharp-win32-ia32@0.33.5", "", { "os": "win32", "cpu": "ia32" }, "sha512-T36PblLaTwuVJ/zw/LaH0PdZkRz5rd3SmMHX8GSmR7vtNSP5Z6bQkExdSK7xGWyxLw4sUknBuugTelgw2faBbQ=="],

    "@img/sharp-win32-x64": ["@img/sharp-win32-x64@0.33.5", "", { "os": "win32", "cpu": "x64" }, "sha512-MpY/o8/8kj+EcnxwvrP4aTJSWw/aZ7JIGR4aBeZkZw5B7/Jn+tY9/VNwtcoGmdT7GfggGIU4kygOMSbYnOrAbg=="],

    "@scalar/openapi-types": ["@scalar/openapi-types@0.1.1", "", {}, "sha512-NMy3QNk6ytcCoPUGJH0t4NNr36OWXgZhA3ormr3TvhX1NDgoF95wFyodGVH8xiHeUyn2/FxtETm8UBLbB5xEmg=="],

    "@scalar/themes": ["@scalar/themes@0.9.80", "", { "dependencies": { "@scalar/types": "0.1.2" } }, "sha512-UZM8pQLpGeBtOdUx6yOcj5SPiWo1LaylUVt8HjCRFQ90zZtwbcIWfUWwWOay5nh7cwSVqY2G9eAyGYcNJB12ew=="],

    "@scalar/types": ["@scalar/types@0.0.12", "", { "dependencies": { "@scalar/openapi-types": "0.1.1", "@unhead/schema": "^1.9.5" } }, "sha512-XYZ36lSEx87i4gDqopQlGCOkdIITHHEvgkuJFrXFATQs9zHARop0PN0g4RZYWj+ZpCUclOcaOjbCt8JGe22mnQ=="],

    "@sinclair/typebox": ["@sinclair/typebox@0.34.30", "", {}, "sha512-gFB3BiqjDxEoadW0zn+xyMVb7cLxPCoblVn2C/BKpI41WPYi2d6fwHAlynPNZ5O/Q4WEiujdnJzVtvG/Jc2CBQ=="],

    "@types/bun": ["@types/bun@1.2.5", "", { "dependencies": { "bun-types": "1.2.5" } }, "sha512-w2OZTzrZTVtbnJew1pdFmgV99H0/L+Pvw+z1P67HaR18MHOzYnTYOi6qzErhK8HyT+DB782ADVPPE92Xu2/Opg=="],

    "@types/node": ["@types/node@22.13.11", "", { "dependencies": { "undici-types": "~6.20.0" } }, "sha512-iEUCUJoU0i3VnrCmgoWCXttklWcvoCIx4jzcP22fioIVSdTmjgoEvmAO/QPw6TcS9k5FrNgn4w7q5lGOd1CT5g=="],

    "@types/ws": ["@types/ws@8.5.14", "", { "dependencies": { "@types/node": "*" } }, "sha512-bd/YFLW+URhBzMXurx7lWByOu+xzU9+kb3RboOteXYDfW+tr+JZa99OyNmPINEGB/ahzKrEuc8rcv4gnpJmxTw=="],

    "@unhead/schema": ["@unhead/schema@1.11.20", "", { "dependencies": { "hookable": "^5.5.3", "zhead": "^2.2.4" } }, "sha512-0zWykKAaJdm+/Y7yi/Yds20PrUK7XabLe9c3IRcjnwYmSWY6z0Cr19VIs3ozCj8P+GhR+/TI2mwtGlueCEYouA=="],

    "api": ["api@workspace:apps/api"],

    "bun-types": ["bun-types@1.2.5", "", { "dependencies": { "@types/node": "*", "@types/ws": "~8.5.10" } }, "sha512-3oO6LVGGRRKI4kHINx5PIdIgnLRb7l/SprhzqXapmoYkFl5m4j6EvALvbDVuuBFaamB46Ap6HCUxIXNLCGy+tg=="],

    "clone": ["clone@2.1.2", "", {}, "sha512-3Pe/CF1Nn94hyhIYpjtiLhdCoEoz0DqQ+988E9gmeEdQZlojxnOb74wctFyuwWQHzqyf9X7C7MG8juUpqBJT8w=="],

    "color": ["color@4.2.3", "", { "dependencies": { "color-convert": "^2.0.1", "color-string": "^1.9.0" } }, "sha512-1rXeuUUiGGrykh+CeBdu5Ie7OJwinCgQY0bc7GCRxy5xVHy+moaqkpL/jqQq0MtQOeYcrqEz4abc5f0KtU7W4A=="],

    "color-convert": ["color-convert@2.0.1", "", { "dependencies": { "color-name": "~1.1.4" } }, "sha512-RRECPsj7iu/xb5oKYcsFHSppFNnsj/52OVTRKb4zP5onXwVF3zVmmToNcOfGC+CRDpfK/U584fMg38ZHCaElKQ=="],

    "color-name": ["color-name@1.1.4", "", {}, "sha512-dOy+3AuW3a2wNbZHIuMZpTcgjGuLU/uBL/ubcZF9OXbDo8ff4O8yVp5Bf0efS8uEoYo5q4Fx7dY9OgQGXgAsQA=="],

    "color-string": ["color-string@1.9.1", "", { "dependencies": { "color-name": "^1.0.0", "simple-swizzle": "^0.2.2" } }, "sha512-shrVawQFojnZv6xM40anx4CkoDP+fZsw/ZerEMsW/pyzsRbElpsL/DBVW7q3ExxwusdNXI3lXpuhEZkzs8p5Eg=="],

    "cookie": ["cookie@1.0.2", "", {}, "sha512-9Kr/j4O16ISv8zBBhJoi4bXOYNTkFLOqSL3UDB0njXxCXNezjeyVrJyGOWtgfs/q2km1gwBcfH8q1yEGoMYunA=="],

    "detect-libc": ["detect-libc@2.0.3", "", {}, "sha512-bwy0MGW55bG41VqxxypOsdSdGqLwXPI/focwgTYCFMbdUiBAxLg9CFzG08sz2aqzknwiX7Hkl0bQENjg8iLByw=="],

    "elysia": ["elysia@1.2.25", "", { "dependencies": { "@sinclair/typebox": "^0.34.27", "cookie": "^1.0.2", "memoirist": "^0.3.0", "openapi-types": "^12.1.3" }, "peerDependencies": { "typescript": ">= 5.0.0" }, "optionalPeers": ["typescript"] }, "sha512-WsdQpORJvb4uszzeqYT0lg97knw1iBW1NTzJ1Jm57tiHg+DfAotlWXYbjmvQ039ssV0fYELDHinLLoUazZkEHg=="],

    "heic-to": ["heic-to@1.1.10", "", {}, "sha512-Zdfk+gu+2zgv3Kn+MOcSVI0Ady+rxgfGD5ldwZdGq208rVBOVLw+xsgTz69niJUIeQKRLRyjC6aDRp5U0+pb2Q=="],

    "hookable": ["hookable@5.5.3", "", {}, "sha512-Yc+BQe8SvoXH1643Qez1zqLRmbA5rCL+sSmk6TVos0LWVfNIB7PGncdlId77WzLGSIB5KaWgTaNTs2lNVEI6VQ=="],

    "is-arrayish": ["is-arrayish@0.3.2", "", {}, "sha512-eVRqCvVlZbuw3GrM63ovNSNAeA1K16kaR/LRY/92w0zxQ5/1YzwblUX652i4Xs9RwAGjW9d9y6X88t8OaAJfWQ=="],

    "memoirist": ["memoirist@0.3.0", "", {}, "sha512-wR+4chMgVPq+T6OOsk40u9Wlpw1Pjx66NMNiYxCQQ4EUJ7jDs3D9kTCeKdBOkvAiqXlHLVJlvYL01PvIJ1MPNg=="],

    "nanoid": ["nanoid@5.1.5", "", { "bin": { "nanoid": "bin/nanoid.js" } }, "sha512-Ir/+ZpE9fDsNH0hQ3C68uyThDXzYcim2EqcZ8zn8Chtt1iylPT9xXJB0kPCnqzgcEGikO9RxSrh63MsmVCU7Fw=="],

    "node-cache": ["node-cache@5.1.2", "", { "dependencies": { "clone": "2.x" } }, "sha512-t1QzWwnk4sjLWaQAS8CHgOJ+RAfmHpxFWmc36IWTiWHQfs0w5JDMBS1b1ZxQteo0vVVuWJvIUKHDkkeK7vIGCg=="],

    "openapi-types": ["openapi-types@12.1.3", "", {}, "sha512-N4YtSYJqghVu4iek2ZUvcN/0aqH1kRDuNqzcycDxhOUpg7GdvLa2F3DgS6yBNhInhv2r/6I0Flkn7CqL8+nIcw=="],

    "pathe": ["pathe@1.1.2", "", {}, "sha512-whLdWMYL2TwI08hn8/ZqAbrVemu0LNaNNJZX73O6qaIdCTfXutsLhMkjdENX0qhsQ9uIimo4/aQOmXkoon2nDQ=="],

    "semver": ["semver@7.7.1", "", { "bin": { "semver": "bin/semver.js" } }, "sha512-hlq8tAfn0m/61p4BVRcPzIGr6LKiMwo4VM6dGi6pt4qcRkmNzTcWq6eCEjEh+qXjkMDvPlOFFSGwQjoEa6gyMA=="],

    "sharp": ["sharp@0.33.5", "", { "dependencies": { "color": "^4.2.3", "detect-libc": "^2.0.3", "semver": "^7.6.3" }, "optionalDependencies": { "@img/sharp-darwin-arm64": "0.33.5", "@img/sharp-darwin-x64": "0.33.5", "@img/sharp-libvips-darwin-arm64": "1.0.4", "@img/sharp-libvips-darwin-x64": "1.0.4", "@img/sharp-libvips-linux-arm": "1.0.5", "@img/sharp-libvips-linux-arm64": "1.0.4", "@img/sharp-libvips-linux-s390x": "1.0.4", "@img/sharp-libvips-linux-x64": "1.0.4", "@img/sharp-libvips-linuxmusl-arm64": "1.0.4", "@img/sharp-libvips-linuxmusl-x64": "1.0.4", "@img/sharp-linux-arm": "0.33.5", "@img/sharp-linux-arm64": "0.33.5", "@img/sharp-linux-s390x": "0.33.5", "@img/sharp-linux-x64": "0.33.5", "@img/sharp-linuxmusl-arm64": "0.33.5", "@img/sharp-linuxmusl-x64": "0.33.5", "@img/sharp-wasm32": "0.33.5", "@img/sharp-win32-ia32": "0.33.5", "@img/sharp-win32-x64": "0.33.5" } }, "sha512-haPVm1EkS9pgvHrQ/F3Xy+hgcuMV0Wm9vfIBSiwZ05k+xgb0PkBQpGsAA/oWdDobNaZTH5ppvHtzCFbnSEwHVw=="],

    "simple-swizzle": ["simple-swizzle@0.2.2", "", { "dependencies": { "is-arrayish": "^0.3.1" } }, "sha512-JA//kQgZtbuY83m+xT+tXJkmJncGMTFT+C+g2h2R9uxkYIrE2yy9sgmcLhCnw57/WSD+Eh3J97FPEDFnbXnDUg=="],

    "tslib": ["tslib@2.8.1", "", {}, "sha512-oJFu94HQb+KVduSUQL7wnpmqnfmLsOA/nAh6b6EH0wCEoK0/mPeXU6c3wKDV83MkOuHPRHtSXKKU99IBazS/2w=="],

    "typescript": ["typescript@5.8.2", "", { "bin": { "tsc": "bin/tsc", "tsserver": "bin/tsserver" } }, "sha512-aJn6wq13/afZp/jT9QZmwEjDqqvSGp1VT5GVg+f/t6/oVyrgXM6BY1h9BRh/O5p3PlUPAe+WuiEZOmb/49RqoQ=="],

    "undici-types": ["undici-types@6.20.0", "", {}, "sha512-Ny6QZ2Nju20vw1SRHe3d9jVu6gJ+4e3+MMpqu7pqE5HT6WsTSlce++GQmK5UXS8mzV8DSYHrQH+Xrf2jVcuKNg=="],

    "zhead": ["zhead@2.2.4", "", {}, "sha512-8F0OI5dpWIA5IGG5NHUg9staDwz/ZPxZtvGVf01j7vHqSyZ0raHY+78atOVxRqb73AotX22uV1pXt3gYSstGag=="],

    "zod": ["zod@3.24.2", "", {}, "sha512-lY7CDW43ECgW9u1TcT3IoXHflywfVqDYze4waEz812jR/bZ8FHDsl7pFQoSZTz5N+2NqRXs8GBwnAwo3ZNxqhQ=="],

    "@scalar/themes/@scalar/types": ["@scalar/types@0.1.2", "", { "dependencies": { "@scalar/openapi-types": "0.1.9", "@unhead/schema": "^1.11.11", "zod": "^3.23.8" } }, "sha512-5kCLQRwAYWt1ds110EaUb9yonc3KoQYNyo4YUCigJLOnoNugbqkEX0zRudGevItiuk+xg4uOYd30r3C+6xAasA=="],

    "@scalar/themes/@scalar/types/@scalar/openapi-types": ["@scalar/openapi-types@0.1.9", "", {}, "sha512-HQQudOSQBU7ewzfnBW9LhDmBE2XOJgSfwrh5PlUB7zJup/kaRkBGNgV2wMjNz9Af/uztiU/xNrO179FysmUT+g=="],
  }
}
